
Microsoft Visual Studio Solution File, Format Version 12.00
# Visual Studio 14
VisualStudioVersion = 14.0.24720.0
MinimumVisualStudioVersion = 10.0.40219.1
Project("{FAE04EC0-301F-11D3-BF4B-00C04F79EFBC}") = "MagicHomeController", "MagicHomeController\MagicHomeController.csproj", "{46588B17-AE16-49DF-BB96-56A179A243A6}"
EndProject
Project("{FAE04EC0-301F-11D3-BF4B-00C04F79EFBC}") = "MagicHomeController.Demo", "MagicHomeController.Demo\MagicHomeController.Demo.csproj", "{8172B7EE-2012-41C1-817D-E8BEFDD405A3}"
EndProject
Global
	GlobalSection(SolutionConfigurationPlatforms) = preSolution
		Debug|Any CPU = Debug|Any CPU
		Release|Any CPU = Release|Any CPU
	EndGlobalSection
	GlobalSection(ProjectConfigurationPlatforms) = postSolution
		{46588B17-AE16-49DF-BB96-56A179A243A6}.Debug|Any CPU.ActiveCfg = Debug|Any CPU
		{46588B17-AE16-49DF-BB96-56A179A243A6}.Debug|Any CPU.Build.0 = Debug|Any CPU
		{46588B17-AE16-49DF-BB96-56A179A243A6}.Release|Any CPU.ActiveCfg = Release|Any CPU
		{46588B17-AE16-49DF-BB96-56A179A243A6}.Release|Any CPU.Build.0 = Release|Any CPU
		{8172B7EE-2012-41C1-817D-E8BEFDD405A3}.Debug|Any CPU.ActiveCfg = Debug|Any CPU
		{8172B7EE-2012-41C1-817D-E8BEFDD405A3}.Debug|Any CPU.Build.0 = Debug|Any CPU
		{8172B7EE-2012-41C1-817D-E8BEFDD405A3}.Release|Any CPU.ActiveCfg = Release|Any CPU
		{8172B7EE-2012-41C1-817D-E8BEFDD405A3}.Release|Any CPU.Build.0 = Release|Any CPU
	EndGlobalSection
	GlobalSection(SolutionProperties) = preSolution
		HideSolutionNode = FALSE
	EndGlobalSection
EndGlobal
